github.com/hugomods/images v0.11.2 h1:d7u3c/ePboeOGx8OI5eUnilpA79YvD7KJjUgqVMR83Y=
github.com/hugomods/images v0.11.2/go.mod h1:U6Gwj16LKvk66rOMyGFrnF6f0aV8lT89lqOsckOAjYY=
github.com/panr/hugo-theme-terminal/v4 v4.0.9 h1:oncGzc0H8LYik+cNrM3TypkFRQHkrIExkEalhwIzlgg=
github.com/panr/hugo-theme-terminal/v4 v4.0.9/go.mod h1:W0sFodm5ipL5gjRqOFjg4zD+euoQ8hCtyDDtqSpihxM=
github.com/panr/hugo-theme-terminal/v4 v4.1.0 h1:1y9PqRTacLk1/qXGlO5KiyKQcRIIOJ20L9TGr8vw8pA=
github.com/panr/hugo-theme-terminal/v4 v4.1.0/go.mod h1:W0sFodm5ipL5gjRqOFjg4zD+euoQ8hCtyDDtqSpihxM=
